
Microsoft Visual Studio Solution File, Format Version 12.00
# Visual Studio 15
VisualStudioVersion = 15.0.28307.852
MinimumVisualStudioVersion = 10.0.40219.1
Project("{8BC9CEB8-8B4A-11D0-8D11-00A0C91BC942}") = "OpenGL-Practice", "OpenGL-Practice.vcxproj", "{9EC82379-5D02-4739-9C10-F393629C37C4}"
EndProject
Global
	GlobalSection(SolutionConfigurationPlatforms) = preSolution
		Debug|x64 = Debug|x64
		Debug|x86 = Debug|x86
		Release|x64 = Release|x64
		Release|x86 = Release|x86
	EndGlobalSection
	GlobalSection(ProjectConfigurationPlatforms) = postSolution
		{9EC82379-5D02-4739-9C10-F393629C37C4}.Debug|x64.ActiveCfg = Debug|x64
		{9EC82379-5D02-4739-9C10-F393629C37C4}.Debug|x64.Build.0 = Debug|x64
		{9EC82379-5D02-4739-9C10-F393629C37C4}.Debug|x86.ActiveCfg = Debug|Win32
		{9EC82379-5D02-4739-9C10-F393629C37C4}.Debug|x86.Build.0 = Debug|Win32
		{9EC82379-5D02-4739-9C10-F393629C37C4}.Release|x64.ActiveCfg = Release|x64
		{9EC82379-5D02-4739-9C10-F393629C37C4}.Release|x64.Build.0 = Release|x64
		{9EC82379-5D02-4739-9C10-F393629C37C4}.Release|x86.ActiveCfg = Release|Win32
		{9EC82379-5D02-4739-9C10-F393629C37C4}.Release|x86.Build.0 = Release|Win32
	EndGlobalSection
	GlobalSection(SolutionProperties) = preSolution
		HideSolutionNode = FALSE
	EndGlobalSection
	GlobalSection(ExtensibilityGlobals) = postSolution
		SolutionGuid = {00848816-AF90-4135-8AFF-E078208A627A}
	EndGlobalSection
EndGlobal
